
Microsoft Visual Studio Solution File, Format Version 12.00
# Visual Studio Version 17
VisualStudioVersion = 17.4.33403.182
MinimumVisualStudioVersion = 10.0.40219.1
Project("{FAE04EC0-301F-11D3-BF4B-00C04F79EFBC}") = "HomeWorkCs4_2", "HomeWorkCs4_2.csproj", "{131CC673-C438-436C-A6AD-601E7EF97CDF}"
EndProject
Global
	GlobalSection(SolutionConfigurationPlatforms) = preSolution
		Debug|Any CPU = Debug|Any CPU
		Release|Any CPU = Release|Any CPU
	EndGlobalSection
	GlobalSection(ProjectConfigurationPlatforms) = postSolution
		{131CC673-C438-436C-A6AD-601E7EF97CDF}.Debug|Any CPU.ActiveCfg = Debug|Any CPU
		{131CC673-C438-436C-A6AD-601E7EF97CDF}.Debug|Any CPU.Build.0 = Debug|Any CPU
		{131CC673-C438-436C-A6AD-601E7EF97CDF}.Release|Any CPU.ActiveCfg = Release|Any CPU
		{131CC673-C438-436C-A6AD-601E7EF97CDF}.Release|Any CPU.Build.0 = Release|Any CPU
	EndGlobalSection
	GlobalSection(SolutionProperties) = preSolution
		HideSolutionNode = FALSE
	EndGlobalSection
	GlobalSection(ExtensibilityGlobals) = postSolution
		SolutionGuid = {DEDB10E8-0A89-4D97-8330-BB07D34675F9}
	EndGlobalSection
EndGlobal
